<Solution>
  <Project Path="../ConsoleEx/SharpConsoleUI/SharpConsoleUI.csproj" />
  <Project Path="cxagent.Core/cxagent.Core.csproj" />
  <Project Path="cxagent.Tests/cxagent.Tests.csproj" />
  <Project Path="cxagent.Tests/fixtures/cxagent.Tests.PluginFixture/cxagent.Tests.PluginFixture.csproj" />
  <Project Path="cxagent.Tests/fixtures/cxagent.Tests.PluginFixture.Mismatched/cxagent.Tests.PluginFixture.Mismatched.csproj" />
  <Project Path="cxagent.Tests/fixtures/cxagent.Tests.PluginFixture.Throwing/cxagent.Tests.PluginFixture.Throwing.csproj" />
  <Project Path="cxagent.Tests/fixtures/cxagent.Tests.PluginFixture.Empty/cxagent.Tests.PluginFixture.Empty.csproj" />
  <Project Path="cxagent.Tests/fixtures/cxagent.Tests.PluginFixture.Ambiguous/cxagent.Tests.PluginFixture.Ambiguous.csproj" />
  <Project Path="plugins/calculator/calculator.csproj" />
  <Project Path="plugins/calculator/tests/calculator.Tests.csproj" />
  <Project Path="plugins/clone-finder/clone-finder.csproj" />
  <Project Path="plugins/clone-finder/tests/clone-finder.Tests.csproj" />
  <Project Path="plugins/csharp-lsp/csharp-lsp.csproj" />
  <Project Path="cxagent.PluginHost/cxagent.PluginHost.csproj" />
  <Project Path="cxagent/cxagent.csproj" />
</Solution>
